
Microsoft Visual Studio Solution File, Format Version 12.00
# Visual Studio 15
VisualStudioVersion = 15.0.27428.2005
MinimumVisualStudioVersion = 10.0.40219.1
Project("{FAE04EC0-301F-11D3-BF4B-00C04F79EFBC}") = "ChristiansWebPage", "ChristiansWebPage\ChristiansWebPage.csproj", "{E2875AF2-716E-4F99-9FDC-CA126E93818E}"
EndProject
Global
	GlobalSection(SolutionConfigurationPlatforms) = preSolution
		Debug|Any CPU = Debug|Any CPU
		Release|Any CPU = Release|Any CPU
	EndGlobalSection
	GlobalSection(ProjectConfigurationPlatforms) = postSolution
		{E2875AF2-716E-4F99-9FDC-CA126E93818E}.Debug|Any CPU.ActiveCfg = Debug|Any CPU
		{E2875AF2-716E-4F99-9FDC-CA126E93818E}.Debug|Any CPU.Build.0 = Debug|Any CPU
		{E2875AF2-716E-4F99-9FDC-CA126E93818E}.Release|Any CPU.ActiveCfg = Release|Any CPU
		{E2875AF2-716E-4F99-9FDC-CA126E93818E}.Release|Any CPU.Build.0 = Release|Any CPU
	EndGlobalSection
	GlobalSection(SolutionProperties) = preSolution
		HideSolutionNode = FALSE
	EndGlobalSection
	GlobalSection(ExtensibilityGlobals) = postSolution
		SolutionGuid = {DD396501-5505-4C39-9A34-8136D133BE6F}
	EndGlobalSection
EndGlobal
